{
	"name": "lerna-learning2",
	"version": "0.0.0",
	"lockfileVersion": 2,
	"requires": true,
	"packages": {
		"": {
			"name": "lerna-learning2",
			"version": "0.0.0",
			"license": "ISC",
			"dependencies": {
				"lerna-learning1": "^1.0.0",
				"lodash": "^4.17.21"
			}
		},
		"node_modules/lerna-learning1": {
			"version": "1.0.0",
			"resolved": "https://registry.npmjs.org/lerna-learning1/-/lerna-learning1-1.0.0.tgz",
			"integrity": "sha512-EdpkVZcSzSBHMAmZfB1WWwp+iWCbWaeRp1o9ZjDDG2+Lgo4wFJC2wfhOGJJ4mk6qTc4s4O3oRqDPev7pFtlkPw=="
		},
		"node_modules/lodash": {
			"version": "4.17.21",
			"resolved": "http://npm.fe.sensorsdata.cn/lodash/-/lodash-4.17.21.tgz",
			"integrity": "sha1-Z5WRxWTDv/quhFTPCz3zcMPWkRw=",
			"license": "MIT"
		}
	},
	"dependencies": {
		"lerna-learning1": {
			"version": "1.0.0",
			"resolved": "https://registry.npmjs.org/lerna-learning1/-/lerna-learning1-1.0.0.tgz",
			"integrity": "sha512-EdpkVZcSzSBHMAmZfB1WWwp+iWCbWaeRp1o9ZjDDG2+Lgo4wFJC2wfhOGJJ4mk6qTc4s4O3oRqDPev7pFtlkPw=="
		},
		"lodash": {
			"version": "4.17.21",
			"resolved": "http://npm.fe.sensorsdata.cn/lodash/-/lodash-4.17.21.tgz",
			"integrity": "sha1-Z5WRxWTDv/quhFTPCz3zcMPWkRw="
		}
	}
}
